# THIS IS AN AUTOGENERATED FILE. DO NOT EDIT THIS FILE DIRECTLY.
# yarn lockfile v1


"@aws-crypto/ie11-detection@^1.0.0-alpha.0":
  version "1.0.0-alpha.0"
  resolved "https://registry.yarnpkg.com/@aws-crypto/ie11-detection/-/ie11-detection-1.0.0-alpha.0.tgz#16ca4a9233ec4a90e1d0b2f1712f4aa2043457bd"
  integrity sha512-TQ55S96+aD/iZF/VdgbLqCm2um8mQhjNrlFqQEJkXc12L4taF0wz0FfdFSJ9Uuy6EIf4GjgvbLExgJwxmFqL5A==
  dependencies:
    tslib "^1.9.3"

"@aws-crypto/sha256-browser@^1.0.0-alpha.0":
  version "1.0.0-alpha.0"
  resolved "https://registry.yarnpkg.com/@aws-crypto/sha256-browser/-/sha256-browser-1.0.0-alpha.0.tgz#f438fb3423aa989814b87e6afbc490e1d17f3122"
  integrity sha512-ZhULGaJKI/o8KROknqvnmYX3gphPQL5HLoMdVD5yPEsEsFG7rEIu4ORv2s6uaiqkdEkXZcdS+CNC8ekIndr9QA==
  dependencies:
    "@aws-crypto/ie11-detection" "^1.0.0-alpha.0"
    "@aws-crypto/sha256-js" "^1.0.0-alpha.0"
    "@aws-crypto/supports-web-crypto" "^1.0.0-alpha.0"
    "@aws-sdk/types" "^1.0.0-alpha.0"
    "@aws-sdk/util-locate-window" "^1.0.0-alpha.0"
    "@aws-sdk/util-utf8-browser" "^1.0.0-alpha.0"
    tslib "^1.9.3"

"@aws-crypto/sha256-js@^1.0.0-alpha.0":
  version "1.0.0-alpha.0"
  resolved "https://registry.yarnpkg.com/@aws-crypto/sha256-js/-/sha256-js-1.0.0-alpha.0.tgz#1146f6fa823001a9065ce60db5bf1afcc7c1cc3a"
  integrity sha512-GidX2lccEtHZw8mXDKJQj6tea7qh3pAnsNSp1eZNxsN4MMu2OvSraPSqiB1EihsQkZBMg0IiZPpZHoACUX/QMQ==
  dependencies:
    "@aws-sdk/types" "^1.0.0-alpha.0"
    "@aws-sdk/util-utf8-browser" "^1.0.0-alpha.0"
    tslib "^1.9.3"

"@aws-crypto/supports-web-crypto@^1.0.0-alpha.0":
  version "1.0.0-alpha.0"
  resolved "https://registry.yarnpkg.com/@aws-crypto/supports-web-crypto/-/supports-web-crypto-1.0.0-alpha.0.tgz#f9f2bed724caba3036be73e1f9bf25e01e5f6c42"
  integrity sha512-jVWjNCoEKY49NIWyU1ia1RvtupEZEzOTkYZ1kRH+Z0RqIg9DZksQ7PbSRvxtAv8rTBdyGSgQdEpbFtQtm/ZiRQ==
  dependencies:
    tslib "^1.9.3"

"@aws-sdk/abort-controller@1.0.0-gamma.5":
  version "1.0.0-gamma.5"
  resolved "https://registry.yarnpkg.com/@aws-sdk/abort-controller/-/abort-controller-1.0.0-gamma.5.tgz#9d5551348cafb8936f19b67007d343d05284cece"
  integrity sha512-vGaQ8rOqOEKy/nx1qa5MuttaSZn9RiRtp6Aw8GJ6h6TuLOvKLm41joAArDbHklLLwpyFpfDgY6c7+C2txJWPJw==
  dependencies:
    "@aws-sdk/types" "1.0.0-gamma.4"
    tslib "^1.8.0"

"@aws-sdk/client-dynamodb@^1.0.0-gamma.6":
  version "1.0.0-gamma.6"
  resolved "https://registry.yarnpkg.com/@aws-sdk/client-dynamodb/-/client-dynamodb-1.0.0-gamma.6.tgz#896ff59cb8916b37404b7b42903062cfb143b204"
  integrity sha512-voGxTZEee7dScnhPyorymlKvjHxJf7Q97gt7f35ZhWroa5SX79jCv1cVj/Ffz14j5D3jrzjpkl14Ois36e51Xg==
  dependencies:
    "@aws-crypto/sha256-browser" "^1.0.0-alpha.0"
    "@aws-crypto/sha256-js" "^1.0.0-alpha.0"
    "@aws-sdk/config-resolver" "1.0.0-gamma.5"
    "@aws-sdk/credential-provider-node" "1.0.0-gamma.5"
    "@aws-sdk/fetch-http-handler" "1.0.0-gamma.6"
    "@aws-sdk/hash-node" "1.0.0-gamma.5"
    "@aws-sdk/invalid-dependency" "1.0.0-gamma.4"
    "@aws-sdk/middleware-content-length" "1.0.0-gamma.5"
    "@aws-sdk/middleware-host-header" "1.0.0-gamma.5"
    "@aws-sdk/middleware-retry" "1.0.0-gamma.5"
    "@aws-sdk/middleware-serde" "1.0.0-gamma.4"
    "@aws-sdk/middleware-signing" "1.0.0-gamma.5"
    "@aws-sdk/middleware-stack" "1.0.0-gamma.5"
    "@aws-sdk/middleware-user-agent" "1.0.0-gamma.5"
    "@aws-sdk/node-http-handler" "1.0.0-gamma.5"
    "@aws-sdk/protocol-http" "1.0.0-gamma.5"
    "@aws-sdk/region-provider" "1.0.0-gamma.5"
    "@aws-sdk/retry-config-provider" "1.0.0-gamma.4"
    "@aws-sdk/smithy-client" "1.0.0-gamma.5"
    "@aws-sdk/types" "1.0.0-gamma.4"
    "@aws-sdk/url-parser-browser" "1.0.0-gamma.5"
    "@aws-sdk/url-parser-node" "1.0.0-gamma.5"
    "@aws-sdk/util-base64-browser" "1.0.0-gamma.5"
    "@aws-sdk/util-base64-node" "1.0.0-gamma.5"
    "@aws-sdk/util-body-length-browser" "1.0.0-gamma.5"
    "@aws-sdk/util-body-length-node" "1.0.0-gamma.5"
    "@aws-sdk/util-user-agent-browser" "1.0.0-gamma.5"
    "@aws-sdk/util-user-agent-node" "1.0.0-gamma.5"
    "@aws-sdk/util-utf8-browser" "1.0.0-gamma.5"
    "@aws-sdk/util-utf8-node" "1.0.0-gamma.5"
    tslib "^2.0.0"
    uuid "^3.0.0"

"@aws-sdk/config-resolver@1.0.0-gamma.5":
  version "1.0.0-gamma.5"
  resolved "https://registry.yarnpkg.com/@aws-sdk/config-resolver/-/config-resolver-1.0.0-gamma.5.tgz#cf9f0bb153949ed23bd0698f3399714a7651ac9d"
  integrity sha512-bmBSc3S5HvhUfzfOMojqQILH3zMGyqp1we+nbBQbbxfRg4AxW2w6R72S1qmyFqw3cjJ62CxTwn1kGzdEHSoq8Q==
  dependencies:
    "@aws-sdk/signature-v4" "1.0.0-gamma.5"
    "@aws-sdk/types" "1.0.0-gamma.4"
    tslib "^1.8.0"

"@aws-sdk/credential-provider-env@1.0.0-gamma.5":
  version "1.0.0-gamma.5"
  resolved "https://registry.yarnpkg.com/@aws-sdk/credential-provider-env/-/credential-provider-env-1.0.0-gamma.5.tgz#922dabe9a1eca977ea071ed503e26b3fa5e7f296"
  integrity sha512-cfnCtjEoG4nzSC4nAYXmuoxHCemSrSGzGyt/E/ZEEUrzQzjllfXZ5vJ0jPEjB+wGZVifvWD7Ai/utUqLfzEHHg==
  dependencies:
    "@aws-sdk/property-provider" "1.0.0-gamma.5"
    "@aws-sdk/types" "1.0.0-gamma.4"
    tslib "^1.8.0"

"@aws-sdk/credential-provider-imds@1.0.0-gamma.5":
  version "1.0.0-gamma.5"
  resolved "https://registry.yarnpkg.com/@aws-sdk/credential-provider-imds/-/credential-provider-imds-1.0.0-gamma.5.tgz#4990a7db7bb0453ac253aacb40d977ef229f1c42"
  integrity sha512-0AA6XtdQhAXiHGJIDrQG81UOdp4aqJ5qGtNgeCS3lWPHLTHnFKUfT2+rxnQxhKzSyxG+35KzLr628MXnYf4iUg==
  dependencies:
    "@aws-sdk/property-provider" "1.0.0-gamma.5"
    "@aws-sdk/types" "1.0.0-gamma.4"
    tslib "^1.8.0"

"@aws-sdk/credential-provider-ini@1.0.0-gamma.5":
  version "1.0.0-gamma.5"
  resolved "https://registry.yarnpkg.com/@aws-sdk/credential-provider-ini/-/credential-provider-ini-1.0.0-gamma.5.tgz#58c41c7efe5b43defb788062484864483afb0207"
  integrity sha512-XsjQYi1cZUc3BZa5/+fcEKQAWfvflQgNVFZL0v8f3eJQ/Q8cH+4TCRE3KswNZuZf+ScK7TstOO2gNC9+uHna1g==
  dependencies:
    "@aws-sdk/property-provider" "1.0.0-gamma.5"
    "@aws-sdk/shared-ini-file-loader" "1.0.0-gamma.5"
    "@aws-sdk/types" "1.0.0-gamma.4"
    tslib "^1.8.0"

"@aws-sdk/credential-provider-node@1.0.0-gamma.5":
  version "1.0.0-gamma.5"
  resolved "https://registry.yarnpkg.com/@aws-sdk/credential-provider-node/-/credential-provider-node-1.0.0-gamma.5.tgz#bd886575ce379d5db2e229ba728eb9f87b0b9ddd"
  integrity sha512-OKqvnOmEkszHfddkTxOYXN+fwp25h1gtZZW5+T413O13WwBJ8xs+QfZctFP6Ar5SMCnz/zhxJaI8mjJMpkNReg==
  dependencies:
    "@aws-sdk/credential-provider-env" "1.0.0-gamma.5"
    "@aws-sdk/credential-provider-imds" "1.0.0-gamma.5"
    "@aws-sdk/credential-provider-ini" "1.0.0-gamma.5"
    "@aws-sdk/credential-provider-process" "1.0.0-gamma.5"
    "@aws-sdk/property-provider" "1.0.0-gamma.5"
    "@aws-sdk/types" "1.0.0-gamma.4"
    tslib "^1.8.0"

"@aws-sdk/credential-provider-process@1.0.0-gamma.5":
  version "1.0.0-gamma.5"
  resolved "https://registry.yarnpkg.com/@aws-sdk/credential-provider-process/-/credential-provider-process-1.0.0-gamma.5.tgz#5e7a4198602a298bb0f01fbd0514bb98bbbc3f18"
  integrity sha512-vkdpCPJGoMynO0/e6DyXYWaOUR0GzCStYsfZpvb+LN0O9xbf68jIZw5Pz+qQDJrxMTCHJxllpkn8yjkyd6GCWw==
  dependencies:
    "@aws-sdk/credential-provider-ini" "1.0.0-gamma.5"
    "@aws-sdk/property-provider" "1.0.0-gamma.5"
    "@aws-sdk/shared-ini-file-loader" "1.0.0-gamma.5"
    "@aws-sdk/types" "1.0.0-gamma.4"
    tslib "^1.8.0"

"@aws-sdk/fetch-http-handler@1.0.0-gamma.6":
  version "1.0.0-gamma.6"
  resolved "https://registry.yarnpkg.com/@aws-sdk/fetch-http-handler/-/fetch-http-handler-1.0.0-gamma.6.tgz#aea6538439f31b6e009758d5eae1eaf8c73f35bc"
  integrity sha512-Ns5QXO+rtc/qhwAPOehY3BAKBwShp+4DC9f3FpiAYALWOcEM6eD96bQg8E6qsRfVQS6vo6P0oXraPv9EBWZ4EA==
  dependencies:
    "@aws-sdk/protocol-http" "1.0.0-gamma.5"
    "@aws-sdk/querystring-builder" "1.0.0-gamma.5"
    "@aws-sdk/types" "1.0.0-gamma.4"
    "@aws-sdk/util-base64-browser" "1.0.0-gamma.5"
    tslib "^1.8.0"

"@aws-sdk/hash-node@1.0.0-gamma.5":
  version "1.0.0-gamma.5"
  resolved "https://registry.yarnpkg.com/@aws-sdk/hash-node/-/hash-node-1.0.0-gamma.5.tgz#202a35be5d9b6984b8e1ab4f727c72f535b1db2c"
  integrity sha512-RGnP0IeaiFQXaW+rikPKlY+wmrPJmV0IsFYsntaCBHsaihCjCXyuiji2jbH1uIRzIJ/bEm1FOQxQE+kcAHvQlQ==
  dependencies:
    "@aws-sdk/types" "1.0.0-gamma.4"
    "@aws-sdk/util-buffer-from" "1.0.0-gamma.5"
    tslib "^1.8.0"

"@aws-sdk/invalid-dependency@1.0.0-gamma.4":
  version "1.0.0-gamma.4"
  resolved "https://registry.yarnpkg.com/@aws-sdk/invalid-dependency/-/invalid-dependency-1.0.0-gamma.4.tgz#9b124f1b931cc399cd1cc40817cac1432f9a8306"
  integrity sha512-QPVtJQMd7ZksjEvN0VUsly5dmnQSj5vvsLxT6JizZ90zoP/mKBUCu+/aXRH9Z2AM/2VQo6RRUV+Y7AJS9rTrIQ==
  dependencies:
    tslib "^1.8.0"

"@aws-sdk/is-array-buffer@1.0.0-gamma.5":
  version "1.0.0-gamma.5"
  resolved "https://registry.yarnpkg.com/@aws-sdk/is-array-buffer/-/is-array-buffer-1.0.0-gamma.5.tgz#4a60802b95559d43eb530256d0b93305dd9a946d"
  integrity sha512-nvHJVLjA3GjjFNyHgghRIsluyAREG0mGc4fltjcAzdwMVcGeP19W1qVbYRWDS0G43QruyDbvx9aEo7AJILv39w==
  dependencies:
    tslib "^1.8.0"

"@aws-sdk/middleware-content-length@1.0.0-gamma.5":
  version "1.0.0-gamma.5"
  resolved "https://registry.yarnpkg.com/@aws-sdk/middleware-content-length/-/middleware-content-length-1.0.0-gamma.5.tgz#908b7c3684e1ef10f7f9bb1a2ac5601a73eb105e"
  integrity sha512-EEqTDw6JQbFnVQVNk4ztKSVlildYsqbF03rM2yzJdw2wuKGK5fEg5rqzAcZ7L9zzDIucEFGqIqunWN+2JfMyfw==
  dependencies:
    "@aws-sdk/protocol-http" "1.0.0-gamma.5"
    "@aws-sdk/types" "1.0.0-gamma.4"
    tslib "^1.8.0"

"@aws-sdk/middleware-host-header@1.0.0-gamma.5":
  version "1.0.0-gamma.5"
  resolved "https://registry.yarnpkg.com/@aws-sdk/middleware-host-header/-/middleware-host-header-1.0.0-gamma.5.tgz#b356a4f1e35ac2ce8042370b10b06e4d776682c0"
  integrity sha512-5nYKZonXJqRUX7OX23ZiGjdCV5iM5mtGsH617JzufJQZkFyzUYIHOLRyqAdDJm8s4LCTcNzxdw7X0pAFkrdwqg==
  dependencies:
    "@aws-sdk/protocol-http" "1.0.0-gamma.5"
    "@aws-sdk/types" "1.0.0-gamma.4"
    tslib "^1.8.0"

"@aws-sdk/middleware-retry@1.0.0-gamma.5":
  version "1.0.0-gamma.5"
  resolved "https://registry.yarnpkg.com/@aws-sdk/middleware-retry/-/middleware-retry-1.0.0-gamma.5.tgz#52ad375d3e6e61f29a901d7514dc56ce1d3ba972"
  integrity sha512-lczsm57swTA60GFD3S5GszXxFYBmyhBb2YzYZ6yJrwT/yjEJRC6/u5EGO7X/RfGaEtdStJikNyb9SRbyZCq/6g==
  dependencies:
    "@aws-sdk/protocol-http" "1.0.0-gamma.5"
    "@aws-sdk/service-error-classification" "1.0.0-gamma.5"
    "@aws-sdk/types" "1.0.0-gamma.4"
    react-native-get-random-values "^1.4.0"
    tslib "^1.8.0"
    uuid "^3.0.0"

"@aws-sdk/middleware-serde@1.0.0-gamma.4":
  version "1.0.0-gamma.4"
  resolved "https://registry.yarnpkg.com/@aws-sdk/middleware-serde/-/middleware-serde-1.0.0-gamma.4.tgz#6a6cd3451bff465c5b226cbb283703edcba43779"
  integrity sha512-PM+dJUb5p1ERjUnKL83XfpkyMDYDPN1zFc7LEJWVKxjSx/CfkPM7g5LXHdxLtBUSUFLZnrjkuQtwf5dLVCBQmw==
  dependencies:
    "@aws-sdk/types" "1.0.0-gamma.4"
    tslib "^1.8.0"

"@aws-sdk/middleware-signing@1.0.0-gamma.5":
  version "1.0.0-gamma.5"
  resolved "https://registry.yarnpkg.com/@aws-sdk/middleware-signing/-/middleware-signing-1.0.0-gamma.5.tgz#678c231291cb2c34aacd1a6db434cb2ae226bedd"
  integrity sha512-WC0PMDEBl9zwxk6BMF9ivlk1CXDNvv8S1CXTlAJESOVMfn5C5VmLbWxrfu1NlbA0KFpz/YKya3Z3DsMw9Rbi6A==
  dependencies:
    "@aws-sdk/protocol-http" "1.0.0-gamma.5"
    "@aws-sdk/signature-v4" "1.0.0-gamma.5"
    "@aws-sdk/types" "1.0.0-gamma.4"
    tslib "^1.8.0"

"@aws-sdk/middleware-stack@1.0.0-gamma.5":
  version "1.0.0-gamma.5"
  resolved "https://registry.yarnpkg.com/@aws-sdk/middleware-stack/-/middleware-stack-1.0.0-gamma.5.tgz#9b3859a5dca6bb4feb6034de794f6a9f51a095ee"
  integrity sha512-/xk9ilAEeck6yzxEXbRWD7GVf0p2UpXDpWQ6MRgnzJuqNQKsZHsBkv39h89gbNwlCwBVd4vv9cf8rY2XKHgamQ==
  dependencies:
    "@aws-sdk/types" "1.0.0-gamma.4"
    tslib "^1.8.0"

"@aws-sdk/middleware-user-agent@1.0.0-gamma.5":
  version "1.0.0-gamma.5"
  resolved "https://registry.yarnpkg.com/@aws-sdk/middleware-user-agent/-/middleware-user-agent-1.0.0-gamma.5.tgz#a3418737e0a0ea45130e4c97ff6ffa93709b47b1"
  integrity sha512-0Y+GkCOc9ZbQ665lNfwuFUkzDn1zjS0FAZ9WTlM+sxLQ6iNU0xwJNIDAI+7ds+xR7nsqQsYIJOch4/TmfinM3A==
  dependencies:
    "@aws-sdk/protocol-http" "1.0.0-gamma.5"
    "@aws-sdk/types" "1.0.0-gamma.4"
    tslib "^1.8.0"

"@aws-sdk/node-http-handler@1.0.0-gamma.5":
  version "1.0.0-gamma.5"
  resolved "https://registry.yarnpkg.com/@aws-sdk/node-http-handler/-/node-http-handler-1.0.0-gamma.5.tgz#7fe3802b4bfc3106f74302855b298ea35d0f91c4"
  integrity sha512-FH8qqHJU2lk3TFE2qg6iCDvUY6KNzOohai0orOWq78VfAV2joyr3jdYKiiNALduhINlq42DrCJoNQEBilvP2fg==
  dependencies:
    "@aws-sdk/abort-controller" "1.0.0-gamma.5"
    "@aws-sdk/protocol-http" "1.0.0-gamma.5"
    "@aws-sdk/querystring-builder" "1.0.0-gamma.5"
    "@aws-sdk/types" "1.0.0-gamma.4"
    tslib "^1.8.0"

"@aws-sdk/property-provider@1.0.0-gamma.5":
  version "1.0.0-gamma.5"
  resolved "https://registry.yarnpkg.com/@aws-sdk/property-provider/-/property-provider-1.0.0-gamma.5.tgz#f61f21287f4086b2b1f62d2d08f3c60a5dffa961"
  integrity sha512-X+zv/ORq7o6WfqaUhHLJ9Op1gZJAwuubDWjOmHLlMylrwiJesjMb6qJ+/Y6aw2OY+7rTAGRuxkVXKtkn5gJN0w==
  dependencies:
    "@aws-sdk/types" "1.0.0-gamma.4"
    tslib "^1.8.0"

"@aws-sdk/protocol-http@1.0.0-gamma.5":
  version "1.0.0-gamma.5"
  resolved "https://registry.yarnpkg.com/@aws-sdk/protocol-http/-/protocol-http-1.0.0-gamma.5.tgz#477ad4ff1cf180a0ac0621795a1977d2f3f4bc2b"
  integrity sha512-Od5OlO249p9N/xxJQ9hgRdLdsq+jd1s6ruoiOZfF5THXnNmBMrwrIQrWNzQhBoOQi7tyXzDSs1WjzR8banp3og==
  dependencies:
    "@aws-sdk/types" "1.0.0-gamma.4"
    tslib "^1.8.0"

"@aws-sdk/querystring-builder@1.0.0-gamma.5":
  version "1.0.0-gamma.5"
  resolved "https://registry.yarnpkg.com/@aws-sdk/querystring-builder/-/querystring-builder-1.0.0-gamma.5.tgz#f9eab7bfcabd798fcc6e418a4a9770253c8052cf"
  integrity sha512-KEGncHmV8XtzK7lqKPACHqZXcO6LSpA8jPGLXTuryKlwQctuD8Z3NykYO1OO5LIYwzcUp+ISkhEMkFMi/sUOeA==
  dependencies:
    "@aws-sdk/types" "1.0.0-gamma.4"
    "@aws-sdk/util-uri-escape" "1.0.0-gamma.5"
    tslib "^1.8.0"

"@aws-sdk/querystring-parser@1.0.0-gamma.5":
  version "1.0.0-gamma.5"
  resolved "https://registry.yarnpkg.com/@aws-sdk/querystring-parser/-/querystring-parser-1.0.0-gamma.5.tgz#33f460b8d8cf952c1acea24a206bd4018cb1df83"
  integrity sha512-+YqOzvSdkJPIzCGyEpsZcLSHkfe5lQghnEQe9BehywNaCmBZPHoS6sGe4XjWo8GKSgIaW7k20bDwfAL/Joijlg==
  dependencies:
    "@aws-sdk/types" "1.0.0-gamma.4"
    tslib "^1.8.0"

"@aws-sdk/region-provider@1.0.0-gamma.5":
  version "1.0.0-gamma.5"
  resolved "https://registry.yarnpkg.com/@aws-sdk/region-provider/-/region-provider-1.0.0-gamma.5.tgz#b306e0640aaf623f9037d36a4c47146fa2ea2693"
  integrity sha512-865aCdLhVgMopxmtc5PiFOlvy/76vEZaFPsq1WmEGVReSgO+FAMu6qShrUNLHA8GgFQ43gPZ0sBSxFV0CdlaHQ==
  dependencies:
    "@aws-sdk/property-provider" "1.0.0-gamma.5"
    "@aws-sdk/shared-ini-file-loader" "1.0.0-gamma.5"
    "@aws-sdk/types" "1.0.0-gamma.4"
    tslib "^1.8.0"

"@aws-sdk/retry-config-provider@1.0.0-gamma.4":
  version "1.0.0-gamma.4"
  resolved "https://registry.yarnpkg.com/@aws-sdk/retry-config-provider/-/retry-config-provider-1.0.0-gamma.4.tgz#d8219103b809bfbd6676d1c65b9b68a032a46b9d"
  integrity sha512-qhpmoPR2Mdvwdl/L08w5/cgA6k/T5LxCeGMm5TP+b6EhtA/+L29WtcuLdNjLp/+gWaqv8LtR6ntOzObE/OtutA==
  dependencies:
    "@aws-sdk/middleware-retry" "1.0.0-gamma.5"
    "@aws-sdk/property-provider" "1.0.0-gamma.5"
    "@aws-sdk/shared-ini-file-loader" "1.0.0-gamma.5"
    "@aws-sdk/types" "1.0.0-gamma.4"
    tslib "^1.8.0"

"@aws-sdk/service-error-classification@1.0.0-gamma.5":
  version "1.0.0-gamma.5"
  resolved "https://registry.yarnpkg.com/@aws-sdk/service-error-classification/-/service-error-classification-1.0.0-gamma.5.tgz#c85a876a6830add4321dee5ea92115ac63df40f6"
  integrity sha512-CSDocMwqbYAqXTnMVT4o5Yr06hCiWmg2b0MffO/vTqyVBtFHErOwXdtP94mDjFE2Wt/k7mIRJ6hi+o1oASrv3Q==

"@aws-sdk/shared-ini-file-loader@1.0.0-gamma.5":
  version "1.0.0-gamma.5"
  resolved "https://registry.yarnpkg.com/@aws-sdk/shared-ini-file-loader/-/shared-ini-file-loader-1.0.0-gamma.5.tgz#b532b11a51b36c090c1ff4b806dddaec440f7ed8"
  integrity sha512-7Qff1Z6IJ8AUrHYqwHt/jywiEuIbtTAKPj9/Cu04XqqqUFyc4lerlLRiXZF4NzcAYm49GWsmZtp8SdN4h303Xg==
  dependencies:
    tslib "^1.8.0"

"@aws-sdk/signature-v4@1.0.0-gamma.5":
  version "1.0.0-gamma.5"
  resolved "https://registry.yarnpkg.com/@aws-sdk/signature-v4/-/signature-v4-1.0.0-gamma.5.tgz#f705acb48e7e1cdf0cfb25c324502f8c93cc03e6"
  integrity sha512-afwra5Mgy/M+oXsR+WNRFb1/b7b9su8lOIdeGM5tNB1V9zCa05bTy1ENjhJTBlDQpawHmMKPZX/wl9xdjzxYyw==
  dependencies:
    "@aws-sdk/is-array-buffer" "1.0.0-gamma.5"
    "@aws-sdk/types" "1.0.0-gamma.4"
    "@aws-sdk/util-hex-encoding" "1.0.0-gamma.5"
    "@aws-sdk/util-uri-escape" "1.0.0-gamma.5"
    tslib "^1.8.0"

"@aws-sdk/smithy-client@1.0.0-gamma.5":
  version "1.0.0-gamma.5"
  resolved "https://registry.yarnpkg.com/@aws-sdk/smithy-client/-/smithy-client-1.0.0-gamma.5.tgz#e25e76d1ef82c8b0915e8c106103e97496f0e813"
  integrity sha512-zYN9G8iDf5r0B/JzGLiAQPLEkeLkwkh/UoBDF1PkOzUi0SVSs5sgbbohCF9StPZbAoybbux6tWGZbUypaLxinA==
  dependencies:
    "@aws-sdk/middleware-stack" "1.0.0-gamma.5"
    "@aws-sdk/types" "1.0.0-gamma.4"
    tslib "^1.8.0"

"@aws-sdk/types@1.0.0-gamma.4", "@aws-sdk/types@^1.0.0-alpha.0":
  version "1.0.0-gamma.4"
  resolved "https://registry.yarnpkg.com/@aws-sdk/types/-/types-1.0.0-gamma.4.tgz#c91e6f6ed49d73b596904a7da2539b20bac29d39"
  integrity sha512-2UuEGILakoRTPlJIheadNbBGlJIbxSS7xFqbidMdHPa+LXvtds20XQh0y6hKIcBZqR2bhmb3uNgpuw5jO7MDRw==

"@aws-sdk/url-parser-browser@1.0.0-gamma.5":
  version "1.0.0-gamma.5"
  resolved "https://registry.yarnpkg.com/@aws-sdk/url-parser-browser/-/url-parser-browser-1.0.0-gamma.5.tgz#b428d05fc438a5afe5e6a876e82f64f4d1fec3f7"
  integrity sha512-df+qQNY5qsNZojxFFXwIc6ilN3dubFgSW085UFiPqoYJp1/GHZP7ELBsb68oe59F5Tu+cQhYjAhKy3bijsAf8g==
  dependencies:
    "@aws-sdk/querystring-parser" "1.0.0-gamma.5"
    "@aws-sdk/types" "1.0.0-gamma.4"
    tslib "^1.8.0"

"@aws-sdk/url-parser-node@1.0.0-gamma.5":
  version "1.0.0-gamma.5"
  resolved "https://registry.yarnpkg.com/@aws-sdk/url-parser-node/-/url-parser-node-1.0.0-gamma.5.tgz#4068e5546b70ba17aacc6e893f7b53e9632eb700"
  integrity sha512-zmqYadw6Nl88FXSrLadlVAhNVUpZmkCUxoKz1wPatJaJVAqsAs8NOl6KiT0JLsbcKqCJ1diyFh4vPrr/1KEd8A==
  dependencies:
    "@aws-sdk/querystring-parser" "1.0.0-gamma.5"
    "@aws-sdk/types" "1.0.0-gamma.4"
    tslib "^1.8.0"
    url "^0.11.0"

"@aws-sdk/util-base64-browser@1.0.0-gamma.5":
  version "1.0.0-gamma.5"
  resolved "https://registry.yarnpkg.com/@aws-sdk/util-base64-browser/-/util-base64-browser-1.0.0-gamma.5.tgz#4618196461871d63d4bc8b266e2bc5fc0e3a125b"
  integrity sha512-MaQYd8NZWSDbL1hU+nC7wWKCF1SI1yMbkSOKpSANC3ZjeosmpYnO3UUwqzsbM6ctS20uK6HhA1ijHlgBYgCqww==
  dependencies:
    tslib "^1.8.0"

"@aws-sdk/util-base64-node@1.0.0-gamma.5":
  version "1.0.0-gamma.5"
  resolved "https://registry.yarnpkg.com/@aws-sdk/util-base64-node/-/util-base64-node-1.0.0-gamma.5.tgz#132283db32d38e25423d7ffda50b60de97ba5e8f"
  integrity sha512-H2SvLxs4RkyqnwtoOm1WFqshFsdctsMjXG3K34DXKDYCNMN5JDiCMtl7rmEwhpRW5iOq/dZIIWytnRhsbTaMOQ==
  dependencies:
    "@aws-sdk/util-buffer-from" "1.0.0-gamma.5"
    tslib "^1.8.0"

"@aws-sdk/util-body-length-browser@1.0.0-gamma.5":
  version "1.0.0-gamma.5"
  resolved "https://registry.yarnpkg.com/@aws-sdk/util-body-length-browser/-/util-body-length-browser-1.0.0-gamma.5.tgz#cb4dcff772604a518086b8fd5c6cc453ec59160b"
  integrity sha512-+AxY5FC7xrGHmUdwUoZh/OaaHJKYv2qIpd870OimDzTVdkSeNoc8OrMfupl+F3J4D90Da5r3k8XQ8K1k7bSB7A==
  dependencies:
    tslib "^1.8.0"

"@aws-sdk/util-body-length-node@1.0.0-gamma.5":
  version "1.0.0-gamma.5"
  resolved "https://registry.yarnpkg.com/@aws-sdk/util-body-length-node/-/util-body-length-node-1.0.0-gamma.5.tgz#9ba856b60180221d04c182a3f00fb921f052fae2"
  integrity sha512-t3a6xSfCO6rsQGhMpLpkmiZngtZAW1qbqqPNaU+ziVKaZE5bMg515d0m6dkxvrA9IpGC+EMrzGI9gND98RcdOg==
  dependencies:
    tslib "^1.8.0"

"@aws-sdk/util-buffer-from@1.0.0-gamma.5":
  version "1.0.0-gamma.5"
  resolved "https://registry.yarnpkg.com/@aws-sdk/util-buffer-from/-/util-buffer-from-1.0.0-gamma.5.tgz#3c69604c4a141d9bdca1dd45153d2fe344382094"
  integrity sha512-ruR77U66gpiAT9919qgm1HZJO+Qf2lYHSc9sDwr8sbBYAUo2gpoc3qp53ztQKWiNhco7iWb+vRouiglaNyWQbA==
  dependencies:
    "@aws-sdk/is-array-buffer" "1.0.0-gamma.5"
    tslib "^1.8.0"

"@aws-sdk/util-hex-encoding@1.0.0-gamma.5":
  version "1.0.0-gamma.5"
  resolved "https://registry.yarnpkg.com/@aws-sdk/util-hex-encoding/-/util-hex-encoding-1.0.0-gamma.5.tgz#f558a50f025c85ad79794f3adb62ba0ca9590b3d"
  integrity sha512-C+rSFUwv+SJozLQeJ+EkigLhb87Vhx2c2MFsJ8z4FfmIdoQDpgEvbICjCvjdtPtktXEXdN3w2BYsuoC9kQkkRQ==
  dependencies:
    tslib "^1.8.0"

"@aws-sdk/util-locate-window@^1.0.0-alpha.0":
  version "1.0.0-gamma.5"
  resolved "https://registry.yarnpkg.com/@aws-sdk/util-locate-window/-/util-locate-window-1.0.0-gamma.5.tgz#9df6a390d9b51d3f7b32a0c992fe3ba66a636f76"
  integrity sha512-eQR8cilsx/+kAZ5RZSWVWT0vxVqZBq4ZhszjlmA27mYES6qte5+AnlkNWEM6xhGBdCSiuSjeD8nSr8JE6HZIgA==
  dependencies:
    tslib "^1.8.0"

"@aws-sdk/util-uri-escape@1.0.0-gamma.5":
  version "1.0.0-gamma.5"
  resolved "https://registry.yarnpkg.com/@aws-sdk/util-uri-escape/-/util-uri-escape-1.0.0-gamma.5.tgz#09fa5e5a2cff9e93a879beef4105300e7043c8f1"
  integrity sha512-/MFoiddD4vX+7F0gHXS808rjNJ52QSgOooIQJJ3yZTwqj4aVw/GO1H7rLaTS4Fgdi39BrcRfD1ngd0XTRwNBew==
  dependencies:
    tslib "^1.8.0"

"@aws-sdk/util-user-agent-browser@1.0.0-gamma.5":
  version "1.0.0-gamma.5"
  resolved "https://registry.yarnpkg.com/@aws-sdk/util-user-agent-browser/-/util-user-agent-browser-1.0.0-gamma.5.tgz#0db5b93ebe91a6234402f1ed8f9ddfdc8f1a0212"
  integrity sha512-jYSOCOyuFx3PyKM4PEuhkOlGe8d12DHQ1jibhACYiISxkwLPR7YoH9XDtuvdPftGA0OYeaNEgtGwiJhkXM9e/w==
  dependencies:
    "@aws-sdk/types" "1.0.0-gamma.4"
    tslib "^1.8.0"

"@aws-sdk/util-user-agent-node@1.0.0-gamma.5":
  version "1.0.0-gamma.5"
  resolved "https://registry.yarnpkg.com/@aws-sdk/util-user-agent-node/-/util-user-agent-node-1.0.0-gamma.5.tgz#7903226e35ca4f90f2fff4ffcf821121c3139d33"
  integrity sha512-0lvaU6+p612PPik31LTceGPbrcljFaq+zC8n1HjIAa2jYzG2Km0rncZhcxOAMKnopzD3mJWGqjfXx0VLxV1uog==
  dependencies:
    "@aws-sdk/types" "1.0.0-gamma.4"
    tslib "^1.8.0"

"@aws-sdk/util-utf8-browser@1.0.0-gamma.5", "@aws-sdk/util-utf8-browser@^1.0.0-alpha.0":
  version "1.0.0-gamma.5"
  resolved "https://registry.yarnpkg.com/@aws-sdk/util-utf8-browser/-/util-utf8-browser-1.0.0-gamma.5.tgz#cc26f18bb7cd7f0b7d690cd4a95de17340b08a65"
  integrity sha512-KqnWfuZtpXC8qjQCEb2jjxNYdAvOqUBItTuCduU7v8MgOexYqUvgwCrv1gaIy8HtuKul4ix9NqrK5VtQPWW3Ug==
  dependencies:
    tslib "^1.8.0"

"@aws-sdk/util-utf8-node@1.0.0-gamma.5":
  version "1.0.0-gamma.5"
  resolved "https://registry.yarnpkg.com/@aws-sdk/util-utf8-node/-/util-utf8-node-1.0.0-gamma.5.tgz#c09b03c31d6a4297af82bbc575ffaaf86416ce28"
  integrity sha512-l0B6m/NQmR/4PqsWpLs7Tc+SE5cpQ9Vr9uYxlbgzPLnQXGw5bgeMuw4DEseygzZrVjD6MEgharI4XPghAsKjbw==
  dependencies:
    "@aws-sdk/util-buffer-from" "1.0.0-gamma.5"
    tslib "^1.8.0"

accepts@~1.3.7:
  version "1.3.7"
  resolved "https://registry.yarnpkg.com/accepts/-/accepts-1.3.7.tgz#531bc726517a3b2b41f850021c6cc15eaab507cd"
  integrity sha512-Il80Qs2WjYlJIBNzNkK6KYqlVMTbZLXgHx2oT0pU/fjRHyEp+PEfEPY0R3WCwAGVOtauxh1hOxNgIf5bv7dQpA==
  dependencies:
    mime-types "~2.1.24"
    negotiator "0.6.2"

array-flatten@1.1.1:
  version "1.1.1"
  resolved "https://registry.yarnpkg.com/array-flatten/-/array-flatten-1.1.1.tgz#9a5f699051b1e7073328f2a008968b64ea2955d2"
  integrity sha1-ml9pkFGx5wczKPKgCJaLZOopVdI=

aws-serverless-express@^3.3.8:
  version "3.3.8"
  resolved "https://registry.yarnpkg.com/aws-serverless-express/-/aws-serverless-express-3.3.8.tgz#8c05e0ce3651fc277725c6d2e1b8f8a36dbe4f4b"
  integrity sha512-2TQdF5EhxnAtGeEi+wSi2M3xCfpiemuImnpU7HKih3onH0izJ/G2tkM+gwcGHZEsW/gLWFl/JjQAYGa3fILfvw==
  dependencies:
    binary-case "^1.0.0"
    type-is "^1.6.16"

basic-auth@~2.0.1:
  version "2.0.1"
  resolved "https://registry.yarnpkg.com/basic-auth/-/basic-auth-2.0.1.tgz#b998279bf47ce38344b4f3cf916d4679bbf51e3a"
  integrity sha512-NF+epuEdnUYVlGuhaxbbq+dvJttwLnGY+YixlXlME5KpQ5W3CnXA5cVTneY3SPbPDRkcjMbifrwmFYcClgOZeg==
  dependencies:
    safe-buffer "5.1.2"

binary-case@^1.0.0:
  version "1.1.4"
  resolved "https://registry.yarnpkg.com/binary-case/-/binary-case-1.1.4.tgz#d687104d59e38f2b9e658d3a58936963c59ab931"
  integrity sha512-9Kq8m6NZTAgy05Ryuh7U3Qc4/ujLQU1AZ5vMw4cr3igTdi5itZC6kCNrRr2X8NzPiDn2oUIFTfa71DKMnue/Zg==

body-parser@1.19.0:
  version "1.19.0"
  resolved "https://registry.yarnpkg.com/body-parser/-/body-parser-1.19.0.tgz#96b2709e57c9c4e09a6fd66a8fd979844f69f08a"
  integrity sha512-dhEPs72UPbDnAQJ9ZKMNTP6ptJaionhP5cBb541nXPlW60Jepo9RV/a4fX4XWW9CuFNK22krhrj1+rgzifNCsw==
  dependencies:
    bytes "3.1.0"
    content-type "~1.0.4"
    debug "2.6.9"
    depd "~1.1.2"
    http-errors "1.7.2"
    iconv-lite "0.4.24"
    on-finished "~2.3.0"
    qs "6.7.0"
    raw-body "2.4.0"
    type-is "~1.6.17"

bytes@3.1.0:
  version "3.1.0"
  resolved "https://registry.yarnpkg.com/bytes/-/bytes-3.1.0.tgz#f6cf7933a360e0588fa9fde85651cdc7f805d1f6"
  integrity sha512-zauLjrfCG+xvoyaqLoV8bLVXXNGC4JqlxFCutSDWA6fJrTo2ZuvLYTqZ7aHBLZSMOopbzwv8f+wZcVzfVTI2Dg==

content-disposition@0.5.3:
  version "0.5.3"
  resolved "https://registry.yarnpkg.com/content-disposition/-/content-disposition-0.5.3.tgz#e130caf7e7279087c5616c2007d0485698984fbd"
  integrity sha512-ExO0774ikEObIAEV9kDo50o+79VCUdEB6n6lzKgGwupcVeRlhrj3qGAfwq8G6uBJjkqLrhT0qEYFcWng8z1z0g==
  dependencies:
    safe-buffer "5.1.2"

content-type@~1.0.4:
  version "1.0.4"
  resolved "https://registry.yarnpkg.com/content-type/-/content-type-1.0.4.tgz#e138cc75e040c727b1966fe5e5f8c9aee256fe3b"
  integrity sha512-hIP3EEPs8tB9AT1L+NUqtwOAps4mk2Zob89MWXMHjHWg9milF/j4osnnQLXBCBFBk/tvIG/tUc9mOUJiPBhPXA==

cookie-signature@1.0.6:
  version "1.0.6"
  resolved "https://registry.yarnpkg.com/cookie-signature/-/cookie-signature-1.0.6.tgz#e303a882b342cc3ee8ca513a79999734dab3ae2c"
  integrity sha1-4wOogrNCzD7oylE6eZmXNNqzriw=

cookie@0.4.0:
  version "0.4.0"
  resolved "https://registry.yarnpkg.com/cookie/-/cookie-0.4.0.tgz#beb437e7022b3b6d49019d088665303ebe9c14ba"
  integrity sha512-+Hp8fLp57wnUSt0tY0tHEXh4voZRDnoIrZPqlo3DPiI4y9lwg/jqx+1Om94/W6ZaPDOUbnjOt/99w66zk+l1Xg==

cors@^2.8.5:
  version "2.8.5"
  resolved "https://registry.yarnpkg.com/cors/-/cors-2.8.5.tgz#eac11da51592dd86b9f06f6e7ac293b3df875d29"
  integrity sha512-KIHbLJqu73RGr/hnbrO9uBeixNGuvSQjul/jdFvS/KFSIH1hWVd1ng7zOHx+YrEfInLG7q4n6GHQ9cDtxv/P6g==
  dependencies:
    object-assign "^4"
    vary "^1"

debug@2.6.9:
  version "2.6.9"
  resolved "https://registry.yarnpkg.com/debug/-/debug-2.6.9.tgz#5d128515df134ff327e90a4c93f4e077a536341f"
  integrity sha512-bC7ElrdJaJnPbAP+1EotYvqZsb3ecl5wi6Bfi6BJTUcNowp6cvspg0jXznRTKDjm/E7AdgFBVeAPVMNcKGsHMA==
  dependencies:
    ms "2.0.0"

depd@~1.1.2:
  version "1.1.2"
  resolved "https://registry.yarnpkg.com/depd/-/depd-1.1.2.tgz#9bcd52e14c097763e749b274c4346ed2e560b5a9"
  integrity sha1-m81S4UwJd2PnSbJ0xDRu0uVgtak=

depd@~2.0.0:
  version "2.0.0"
  resolved "https://registry.yarnpkg.com/depd/-/depd-2.0.0.tgz#b696163cc757560d09cf22cc8fad1571b79e76df"
  integrity sha512-g7nH6P6dyDioJogAAGprGpCtVImJhpPk/roCzdb3fIh61/s/nPsfR6onyMwkCAR/OlC3yBC0lESvUoQEAssIrw==

destroy@~1.0.4:
  version "1.0.4"
  resolved "https://registry.yarnpkg.com/destroy/-/destroy-1.0.4.tgz#978857442c44749e4206613e37946205826abd80"
  integrity sha1-l4hXRCxEdJ5CBmE+N5RiBYJqvYA=

dotenv-safe@^8.2.0:
  version "8.2.0"
  resolved "https://registry.yarnpkg.com/dotenv-safe/-/dotenv-safe-8.2.0.tgz#8d548c7318a62c09a66c4dc8c31864cc007c78ba"
  integrity sha512-uWwWWdUQkSs5a3mySDB22UtNwyEYi0JtEQu+vDzIqr9OjbDdC2Ip13PnSpi/fctqlYmzkxCeabiyCAOROuAIaA==
  dependencies:
    dotenv "^8.2.0"

dotenv@^8.2.0:
  version "8.2.0"
  resolved "https://registry.yarnpkg.com/dotenv/-/dotenv-8.2.0.tgz#97e619259ada750eea3e4ea3e26bceea5424b16a"
  integrity sha512-8sJ78ElpbDJBHNeBzUbUVLsqKdccaa/BXF1uPTw3GrvQTBgrQrtObr2mUrE38vzYd8cEv+m/JBfDLioYcfXoaw==

ee-first@1.1.1:
  version "1.1.1"
  resolved "https://registry.yarnpkg.com/ee-first/-/ee-first-1.1.1.tgz#590c61156b0ae2f4f0255732a158b266bc56b21d"
  integrity sha1-WQxhFWsK4vTwJVcyoViyZrxWsh0=

encodeurl@~1.0.2:
  version "1.0.2"
  resolved "https://registry.yarnpkg.com/encodeurl/-/encodeurl-1.0.2.tgz#ad3ff4c86ec2d029322f5a02c3a9a606c95b3f59"
  integrity sha1-rT/0yG7C0CkyL1oCw6mmBslbP1k=

escape-html@~1.0.3:
  version "1.0.3"
  resolved "https://registry.yarnpkg.com/escape-html/-/escape-html-1.0.3.tgz#0258eae4d3d0c0974de1c169188ef0051d1d1988"
  integrity sha1-Aljq5NPQwJdN4cFpGI7wBR0dGYg=

etag@~1.8.1:
  version "1.8.1"
  resolved "https://registry.yarnpkg.com/etag/-/etag-1.8.1.tgz#41ae2eeb65efa62268aebfea83ac7d79299b0887"
  integrity sha1-Qa4u62XvpiJorr/qg6x9eSmbCIc=

express@^4.17.1:
  version "4.17.1"
  resolved "https://registry.yarnpkg.com/express/-/express-4.17.1.tgz#4491fc38605cf51f8629d39c2b5d026f98a4c134"
  integrity sha512-mHJ9O79RqluphRrcw2X/GTh3k9tVv8YcoyY4Kkh4WDMUYKRZUq0h1o0w2rrrxBqM7VoeUVqgb27xlEMXTnYt4g==
  dependencies:
    accepts "~1.3.7"
    array-flatten "1.1.1"
    body-parser "1.19.0"
    content-disposition "0.5.3"
    content-type "~1.0.4"
    cookie "0.4.0"
    cookie-signature "1.0.6"
    debug "2.6.9"
    depd "~1.1.2"
    encodeurl "~1.0.2"
    escape-html "~1.0.3"
    etag "~1.8.1"
    finalhandler "~1.1.2"
    fresh "0.5.2"
    merge-descriptors "1.0.1"
    methods "~1.1.2"
    on-finished "~2.3.0"
    parseurl "~1.3.3"
    path-to-regexp "0.1.7"
    proxy-addr "~2.0.5"
    qs "6.7.0"
    range-parser "~1.2.1"
    safe-buffer "5.1.2"
    send "0.17.1"
    serve-static "1.14.1"
    setprototypeof "1.1.1"
    statuses "~1.5.0"
    type-is "~1.6.18"
    utils-merge "1.0.1"
    vary "~1.1.2"

fast-base64-decode@^1.0.0:
  version "1.0.0"
  resolved "https://registry.yarnpkg.com/fast-base64-decode/-/fast-base64-decode-1.0.0.tgz#b434a0dd7d92b12b43f26819300d2dafb83ee418"
  integrity sha512-qwaScUgUGBYeDNRnbc/KyllVU88Jk1pRHPStuF/lO7B0/RTRLj7U0lkdTAutlBblY08rwZDff6tNU9cjv6j//Q==

finalhandler@~1.1.2:
  version "1.1.2"
  resolved "https://registry.yarnpkg.com/finalhandler/-/finalhandler-1.1.2.tgz#b7e7d000ffd11938d0fdb053506f6ebabe9f587d"
  integrity sha512-aAWcW57uxVNrQZqFXjITpW3sIUQmHGG3qSb9mUah9MgMC4NeWhNOlNjXEYq3HjRAvL6arUviZGGJsBg6z0zsWA==
  dependencies:
    debug "2.6.9"
    encodeurl "~1.0.2"
    escape-html "~1.0.3"
    on-finished "~2.3.0"
    parseurl "~1.3.3"
    statuses "~1.5.0"
    unpipe "~1.0.0"

forwarded@~0.1.2:
  version "0.1.2"
  resolved "https://registry.yarnpkg.com/forwarded/-/forwarded-0.1.2.tgz#98c23dab1175657b8c0573e8ceccd91b0ff18c84"
  integrity sha1-mMI9qxF1ZXuMBXPozszZGw/xjIQ=

fresh@0.5.2:
  version "0.5.2"
  resolved "https://registry.yarnpkg.com/fresh/-/fresh-0.5.2.tgz#3d8cadd90d976569fa835ab1f8e4b23a105605a7"
  integrity sha1-PYyt2Q2XZWn6g1qx+OSyOhBWBac=

http-errors@1.7.2:
  version "1.7.2"
  resolved "https://registry.yarnpkg.com/http-errors/-/http-errors-1.7.2.tgz#4f5029cf13239f31036e5b2e55292bcfbcc85c8f"
  integrity sha512-uUQBt3H/cSIVfch6i1EuPNy/YsRSOUBXTVfZ+yR7Zjez3qjBz6i9+i4zjNaoqcoFVI4lQJ5plg63TvGfRSDCRg==
  dependencies:
    depd "~1.1.2"
    inherits "2.0.3"
    setprototypeof "1.1.1"
    statuses ">= 1.5.0 < 2"
    toidentifier "1.0.0"

http-errors@~1.7.2:
  version "1.7.3"
  resolved "https://registry.yarnpkg.com/http-errors/-/http-errors-1.7.3.tgz#6c619e4f9c60308c38519498c14fbb10aacebb06"
  integrity sha512-ZTTX0MWrsQ2ZAhA1cejAwDLycFsd7I7nVtnkT3Ol0aqodaKW+0CTZDQ1uBv5whptCnc8e8HeRRJxRs0kmm/Qfw==
  dependencies:
    depd "~1.1.2"
    inherits "2.0.4"
    setprototypeof "1.1.1"
    statuses ">= 1.5.0 < 2"
    toidentifier "1.0.0"

iconv-lite@0.4.24:
  version "0.4.24"
  resolved "https://registry.yarnpkg.com/iconv-lite/-/iconv-lite-0.4.24.tgz#2022b4b25fbddc21d2f524974a474aafe733908b"
  integrity sha512-v3MXnZAcvnywkTUEZomIActle7RXXeedOR31wwl7VlyoXO4Qi9arvSenNQWne1TcRwhCL1HwLI21bEqdpj8/rA==
  dependencies:
    safer-buffer ">= 2.1.2 < 3"

inherits@2.0.3:
  version "2.0.3"
  resolved "https://registry.yarnpkg.com/inherits/-/inherits-2.0.3.tgz#633c2c83e3da42a502f52466022480f4208261de"
  integrity sha1-Yzwsg+PaQqUC9SRmAiSA9CCCYd4=

inherits@2.0.4:
  version "2.0.4"
  resolved "https://registry.yarnpkg.com/inherits/-/inherits-2.0.4.tgz#0fa2c64f932917c3433a0ded55363aae37416b7c"
  integrity sha512-k/vGaX4/Yla3WzyMCvTQOXYeIHvqOKtnqBduzTHpzpQZzAskKMhZ2K+EnBiSM9zGSoIFeMpXKxa4dYeZIQqewQ==

ipaddr.js@1.9.1:
  version "1.9.1"
  resolved "https://registry.yarnpkg.com/ipaddr.js/-/ipaddr.js-1.9.1.tgz#bff38543eeb8984825079ff3a2a8e6cbd46781b3"
  integrity sha512-0KI/607xoxSToH7GjN1FfSbLoU0+btTicjsQSWQlh/hZykN8KpmMf7uYwPW3R+akZ6R/w18ZlXSHBYXiYUPO3g==

media-typer@0.3.0:
  version "0.3.0"
  resolved "https://registry.yarnpkg.com/media-typer/-/media-typer-0.3.0.tgz#8710d7af0aa626f8fffa1ce00168545263255748"
  integrity sha1-hxDXrwqmJvj/+hzgAWhUUmMlV0g=

merge-descriptors@1.0.1:
  version "1.0.1"
  resolved "https://registry.yarnpkg.com/merge-descriptors/-/merge-descriptors-1.0.1.tgz#b00aaa556dd8b44568150ec9d1b953f3f90cbb61"
  integrity sha1-sAqqVW3YtEVoFQ7J0blT8/kMu2E=

methods@~1.1.2:
  version "1.1.2"
  resolved "https://registry.yarnpkg.com/methods/-/methods-1.1.2.tgz#5529a4d67654134edcc5266656835b0f851afcee"
  integrity sha1-VSmk1nZUE07cxSZmVoNbD4Ua/O4=

mime-db@1.44.0:
  version "1.44.0"
  resolved "https://registry.yarnpkg.com/mime-db/-/mime-db-1.44.0.tgz#fa11c5eb0aca1334b4233cb4d52f10c5a6272f92"
  integrity sha512-/NOTfLrsPBVeH7YtFPgsVWveuL+4SjjYxaQ1xtM1KMFj7HdxlBlxeyNLzhyJVx7r4rZGJAZ/6lkKCitSc/Nmpg==

mime-types@~2.1.24:
  version "2.1.27"
  resolved "https://registry.yarnpkg.com/mime-types/-/mime-types-2.1.27.tgz#47949f98e279ea53119f5722e0f34e529bec009f"
  integrity sha512-JIhqnCasI9yD+SsmkquHBxTSEuZdQX5BuQnS2Vc7puQQQ+8yiP5AY5uWhpdv4YL4VM5c6iliiYWPgJ/nJQLp7w==
  dependencies:
    mime-db "1.44.0"

mime@1.6.0:
  version "1.6.0"
  resolved "https://registry.yarnpkg.com/mime/-/mime-1.6.0.tgz#32cd9e5c64553bd58d19a568af452acff04981b1"
  integrity sha512-x0Vn8spI+wuJ1O6S7gnbaQg8Pxh4NNHb7KSINmEWKiPE4RKOplvijn+NkmYmmRgP68mc70j2EbeTFRsrswaQeg==

morgan@^1.10.0:
  version "1.10.0"
  resolved "https://registry.yarnpkg.com/morgan/-/morgan-1.10.0.tgz#091778abc1fc47cd3509824653dae1faab6b17d7"
  integrity sha512-AbegBVI4sh6El+1gNwvD5YIck7nSA36weD7xvIxG4in80j/UoK8AEGaWnnz8v1GxonMCltmlNs5ZKbGvl9b1XQ==
  dependencies:
    basic-auth "~2.0.1"
    debug "2.6.9"
    depd "~2.0.0"
    on-finished "~2.3.0"
    on-headers "~1.0.2"

ms@2.0.0:
  version "2.0.0"
  resolved "https://registry.yarnpkg.com/ms/-/ms-2.0.0.tgz#5608aeadfc00be6c2901df5f9861788de0d597c8"
  integrity sha1-VgiurfwAvmwpAd9fmGF4jeDVl8g=

ms@2.1.1:
  version "2.1.1"
  resolved "https://registry.yarnpkg.com/ms/-/ms-2.1.1.tgz#30a5864eb3ebb0a66f2ebe6d727af06a09d86e0a"
  integrity sha512-tgp+dl5cGk28utYktBsrFqA7HKgrhgPsg6Z/EfhWI4gl1Hwq8B/GmY/0oXZ6nF8hDVesS/FpnYaD/kOWhYQvyg==

negotiator@0.6.2:
  version "0.6.2"
  resolved "https://registry.yarnpkg.com/negotiator/-/negotiator-0.6.2.tgz#feacf7ccf525a77ae9634436a64883ffeca346fb"
  integrity sha512-hZXc7K2e+PgeI1eDBe/10Ard4ekbfrrqG8Ep+8Jmf4JID2bNg7NvCPOZN+kfF574pFQI7mum2AUqDidoKqcTOw==

object-assign@^4:
  version "4.1.1"
  resolved "https://registry.yarnpkg.com/object-assign/-/object-assign-4.1.1.tgz#2109adc7965887cfc05cbbd442cac8bfbb360863"
  integrity sha1-IQmtx5ZYh8/AXLvUQsrIv7s2CGM=

on-finished@~2.3.0:
  version "2.3.0"
  resolved "https://registry.yarnpkg.com/on-finished/-/on-finished-2.3.0.tgz#20f1336481b083cd75337992a16971aa2d906947"
  integrity sha1-IPEzZIGwg811M3mSoWlxqi2QaUc=
  dependencies:
    ee-first "1.1.1"

on-headers@~1.0.2:
  version "1.0.2"
  resolved "https://registry.yarnpkg.com/on-headers/-/on-headers-1.0.2.tgz#772b0ae6aaa525c399e489adfad90c403eb3c28f"
  integrity sha512-pZAE+FJLoyITytdqK0U5s+FIpjN0JP3OzFi/u8Rx+EV5/W+JTWGXG8xFzevE7AjBfDqHv/8vL8qQsIhHnqRkrA==

parseurl@~1.3.3:
  version "1.3.3"
  resolved "https://registry.yarnpkg.com/parseurl/-/parseurl-1.3.3.tgz#9da19e7bee8d12dff0513ed5b76957793bc2e8d4"
  integrity sha512-CiyeOxFT/JZyN5m0z9PfXw4SCBJ6Sygz1Dpl0wqjlhDEGGBP1GnsUVEL0p63hoG1fcj3fHynXi9NYO4nWOL+qQ==

path-to-regexp@0.1.7:
  version "0.1.7"
  resolved "https://registry.yarnpkg.com/path-to-regexp/-/path-to-regexp-0.1.7.tgz#df604178005f522f15eb4490e7247a1bfaa67f8c"
  integrity sha1-32BBeABfUi8V60SQ5yR6G/qmf4w=

proxy-addr@~2.0.5:
  version "2.0.6"
  resolved "https://registry.yarnpkg.com/proxy-addr/-/proxy-addr-2.0.6.tgz#fdc2336505447d3f2f2c638ed272caf614bbb2bf"
  integrity sha512-dh/frvCBVmSsDYzw6n926jv974gddhkFPfiN8hPOi30Wax25QZyZEGveluCgliBnqmuM+UJmBErbAUFIoDbjOw==
  dependencies:
    forwarded "~0.1.2"
    ipaddr.js "1.9.1"

punycode@1.3.2:
  version "1.3.2"
  resolved "https://registry.yarnpkg.com/punycode/-/punycode-1.3.2.tgz#9653a036fb7c1ee42342f2325cceefea3926c48d"
  integrity sha1-llOgNvt8HuQjQvIyXM7v6jkmxI0=

qs@6.7.0:
  version "6.7.0"
  resolved "https://registry.yarnpkg.com/qs/-/qs-6.7.0.tgz#41dc1a015e3d581f1621776be31afb2876a9b1bc"
  integrity sha512-VCdBRNFTX1fyE7Nb6FYoURo/SPe62QCaAyzJvUjwRaIsc+NePBEniHlvxFmmX56+HZphIGtV0XeCirBtpDrTyQ==

querystring@0.2.0:
  version "0.2.0"
  resolved "https://registry.yarnpkg.com/querystring/-/querystring-0.2.0.tgz#b209849203bb25df820da756e747005878521620"
  integrity sha1-sgmEkgO7Jd+CDadW50cAWHhSFiA=

range-parser@~1.2.1:
  version "1.2.1"
  resolved "https://registry.yarnpkg.com/range-parser/-/range-parser-1.2.1.tgz#3cf37023d199e1c24d1a55b84800c2f3e6468031"
  integrity sha512-Hrgsx+orqoygnmhFbKaHE6c296J+HTAQXoxEF6gNupROmmGJRoyzfG3ccAveqCBrwr/2yxQ5BVd/GTl5agOwSg==

raw-body@2.4.0:
  version "2.4.0"
  resolved "https://registry.yarnpkg.com/raw-body/-/raw-body-2.4.0.tgz#a1ce6fb9c9bc356ca52e89256ab59059e13d0332"
  integrity sha512-4Oz8DUIwdvoa5qMJelxipzi/iJIi40O5cGV1wNYp5hvZP8ZN0T+jiNkL0QepXs+EsQ9XJ8ipEDoiH70ySUJP3Q==
  dependencies:
    bytes "3.1.0"
    http-errors "1.7.2"
    iconv-lite "0.4.24"
    unpipe "1.0.0"

react-native-get-random-values@^1.4.0:
  version "1.4.0"
  resolved "https://registry.yarnpkg.com/react-native-get-random-values/-/react-native-get-random-values-1.4.0.tgz#1234d4dde6b56b2fab0eaa7dc1719e2f8c32c336"
  integrity sha512-NnmEZcC5zfz+QEytFPM/fw818Hodw/BNbv7jGxU4pla4K2K9DCzG83IReMJqQ2wo552AYKguqrBG2SSn/U6rbA==
  dependencies:
    fast-base64-decode "^1.0.0"

safe-buffer@5.1.2:
  version "5.1.2"
  resolved "https://registry.yarnpkg.com/safe-buffer/-/safe-buffer-5.1.2.tgz#991ec69d296e0313747d59bdfd2b745c35f8828d"
  integrity sha512-Gd2UZBJDkXlY7GbJxfsE8/nvKkUEU1G38c1siN6QP6a9PT9MmHB8GnpscSmMJSoF8LOIrt8ud/wPtojys4G6+g==

"safer-buffer@>= 2.1.2 < 3":
  version "2.1.2"
  resolved "https://registry.yarnpkg.com/safer-buffer/-/safer-buffer-2.1.2.tgz#44fa161b0187b9549dd84bb91802f9bd8385cd6a"
  integrity sha512-YZo3K82SD7Riyi0E1EQPojLz7kpepnSQI9IyPbHHg1XXXevb5dJI7tpyN2ADxGcQbHG7vcyRHk0cbwqcQriUtg==

send@0.17.1:
  version "0.17.1"
  resolved "https://registry.yarnpkg.com/send/-/send-0.17.1.tgz#c1d8b059f7900f7466dd4938bdc44e11ddb376c8"
  integrity sha512-BsVKsiGcQMFwT8UxypobUKyv7irCNRHk1T0G680vk88yf6LBByGcZJOTJCrTP2xVN6yI+XjPJcNuE3V4fT9sAg==
  dependencies:
    debug "2.6.9"
    depd "~1.1.2"
    destroy "~1.0.4"
    encodeurl "~1.0.2"
    escape-html "~1.0.3"
    etag "~1.8.1"
    fresh "0.5.2"
    http-errors "~1.7.2"
    mime "1.6.0"
    ms "2.1.1"
    on-finished "~2.3.0"
    range-parser "~1.2.1"
    statuses "~1.5.0"

serve-static@1.14.1:
  version "1.14.1"
  resolved "https://registry.yarnpkg.com/serve-static/-/serve-static-1.14.1.tgz#666e636dc4f010f7ef29970a88a674320898b2f9"
  integrity sha512-JMrvUwE54emCYWlTI+hGrGv5I8dEwmco/00EvkzIIsR7MqrHonbD9pO2MOfFnpFntl7ecpZs+3mW+XbQZu9QCg==
  dependencies:
    encodeurl "~1.0.2"
    escape-html "~1.0.3"
    parseurl "~1.3.3"
    send "0.17.1"

setprototypeof@1.1.1:
  version "1.1.1"
  resolved "https://registry.yarnpkg.com/setprototypeof/-/setprototypeof-1.1.1.tgz#7e95acb24aa92f5885e0abef5ba131330d4ae683"
  integrity sha512-JvdAWfbXeIGaZ9cILp38HntZSFSo3mWg6xGcJJsd+d4aRMOqauag1C63dJfDw7OaMYwEbHMOxEZ1lqVRYP2OAw==

"statuses@>= 1.5.0 < 2", statuses@~1.5.0:
  version "1.5.0"
  resolved "https://registry.yarnpkg.com/statuses/-/statuses-1.5.0.tgz#161c7dac177659fd9811f43771fa99381478628c"
  integrity sha1-Fhx9rBd2Wf2YEfQ3cfqZOBR4Yow=

toidentifier@1.0.0:
  version "1.0.0"
  resolved "https://registry.yarnpkg.com/toidentifier/-/toidentifier-1.0.0.tgz#7e1be3470f1e77948bc43d94a3c8f4d7752ba553"
  integrity sha512-yaOH/Pk/VEhBWWTlhI+qXxDFXlejDGcQipMlyxda9nthulaxLZUNcUqFxokp0vcYnvteJln5FNQDRrxj3YcbVw==

tslib@^1.8.0, tslib@^1.9.3:
  version "1.13.0"
  resolved "https://registry.yarnpkg.com/tslib/-/tslib-1.13.0.tgz#c881e13cc7015894ed914862d276436fa9a47043"
  integrity sha512-i/6DQjL8Xf3be4K/E6Wgpekn5Qasl1usyw++dAA35Ue5orEn65VIxOA+YvNNl9HV3qv70T7CNwjODHZrLwvd1Q==

tslib@^2.0.0:
  version "2.0.1"
  resolved "https://registry.yarnpkg.com/tslib/-/tslib-2.0.1.tgz#410eb0d113e5b6356490eec749603725b021b43e"
  integrity sha512-SgIkNheinmEBgx1IUNirK0TUD4X9yjjBRTqqjggWCU3pUEqIk3/Uwl3yRixYKT6WjQuGiwDv4NomL3wqRCj+CQ==

type-is@^1.6.16, type-is@~1.6.17, type-is@~1.6.18:
  version "1.6.18"
  resolved "https://registry.yarnpkg.com/type-is/-/type-is-1.6.18.tgz#4e552cd05df09467dcbc4ef739de89f2cf37c131"
  integrity sha512-TkRKr9sUTxEH8MdfuCSP7VizJyzRNMjj2J2do2Jr3Kym598JVdEksuzPQCnlFPW4ky9Q+iA+ma9BGm06XQBy8g==
  dependencies:
    media-typer "0.3.0"
    mime-types "~2.1.24"

unpipe@1.0.0, unpipe@~1.0.0:
  version "1.0.0"
  resolved "https://registry.yarnpkg.com/unpipe/-/unpipe-1.0.0.tgz#b2bf4ee8514aae6165b4817829d21b2ef49904ec"
  integrity sha1-sr9O6FFKrmFltIF4KdIbLvSZBOw=

url@^0.11.0:
  version "0.11.0"
  resolved "https://registry.yarnpkg.com/url/-/url-0.11.0.tgz#3838e97cfc60521eb73c525a8e55bfdd9e2e28f1"
  integrity sha1-ODjpfPxgUh63PFJajlW/3Z4uKPE=
  dependencies:
    punycode "1.3.2"
    querystring "0.2.0"

utils-merge@1.0.1:
  version "1.0.1"
  resolved "https://registry.yarnpkg.com/utils-merge/-/utils-merge-1.0.1.tgz#9f95710f50a267947b2ccc124741c1028427e713"
  integrity sha1-n5VxD1CiZ5R7LMwSR0HBAoQn5xM=

uuid@^3.0.0:
  version "3.4.0"
  resolved "https://registry.yarnpkg.com/uuid/-/uuid-3.4.0.tgz#b23e4358afa8a202fe7a100af1f5f883f02007ee"
  integrity sha512-HjSDRw6gZE5JMggctHBcjVak08+KEVhSIiDzFnT9S9aegmp85S/bReBVTb4QTFaRNptJ9kuYaNhnbNEOkbKb/A==

uuid@^8.3.0:
  version "8.3.0"
  resolved "https://registry.yarnpkg.com/uuid/-/uuid-8.3.0.tgz#ab738085ca22dc9a8c92725e459b1d507df5d6ea"
  integrity sha512-fX6Z5o4m6XsXBdli9g7DtWgAx+osMsRRZFKma1mIUsLCz6vRvv+pz5VNbyu9UEDzpMWulZfvpgb/cmDXVulYFQ==

vary@^1, vary@~1.1.2:
  version "1.1.2"
  resolved "https://registry.yarnpkg.com/vary/-/vary-1.1.2.tgz#2299f02c6ded30d4a5961b0b9f74524a18f634fc"
  integrity sha1-IpnwLG3tMNSllhsLn3RSShj2NPw=
